
Microsoft Visual Studio Solution File, Format Version 12.00
# Visual Studio 15
VisualStudioVersion = 15.0.27130.2036
MinimumVisualStudioVersion = 10.0.40219.1
Project("{FAE04EC0-301F-11D3-BF4B-00C04F79EFBC}") = "Project1WaterBalloons", "Project1WaterBalloons\Project1WaterBalloons.csproj", "{AD08E83D-0054-427B-8EB1-4B1B7FFF8917}"
EndProject
Global
	GlobalSection(SolutionConfigurationPlatforms) = preSolution
		Debug|Any CPU = Debug|Any CPU
		Release|Any CPU = Release|Any CPU
	EndGlobalSection
	GlobalSection(ProjectConfigurationPlatforms) = postSolution
		{AD08E83D-0054-427B-8EB1-4B1B7FFF8917}.Debug|Any CPU.ActiveCfg = Debug|Any CPU
		{AD08E83D-0054-427B-8EB1-4B1B7FFF8917}.Debug|Any CPU.Build.0 = Debug|Any CPU
		{AD08E83D-0054-427B-8EB1-4B1B7FFF8917}.Release|Any CPU.ActiveCfg = Release|Any CPU
		{AD08E83D-0054-427B-8EB1-4B1B7FFF8917}.Release|Any CPU.Build.0 = Release|Any CPU
	EndGlobalSection
	GlobalSection(SolutionProperties) = preSolution
		HideSolutionNode = FALSE
	EndGlobalSection
	GlobalSection(ExtensibilityGlobals) = postSolution
		SolutionGuid = {690EA226-44B8-4711-A01E-30738CA33075}
	EndGlobalSection
EndGlobal
